// !$*UTF8*$!
{
	archiveVersion = 1;
	classes = {
	};
	objectVersion = 56;
	objects = {

/* Begin PBXBuildFile section */
		FA8A45C329E618C500D90C52 /* DistributorFocusOnWeight.swift in Sources */ = {isa = PBXBuildFile; fileRef = FA8A45C229E618C500D90C52 /* DistributorFocusOnWeight.swift */; };
		FA8A45C529E6459800D90C52 /* RuleDifference.swift in Sources */ = {isa = PBXBuildFile; fileRef = FA8A45C429E6459800D90C52 /* RuleDifference.swift */; };
		FABB927929E2656200C87BEF /* CharGenApp.swift in Sources */ = {isa = PBXBuildFile; fileRef = FABB927829E2656200C87BEF /* CharGenApp.swift */; };
		FABB927B29E2656200C87BEF /* ContentView.swift in Sources */ = {isa = PBXBuildFile; fileRef = FABB927A29E2656200C87BEF /* ContentView.swift */; };
		FABB927D29E2656300C87BEF /* Assets.xcassets in Resources */ = {isa = PBXBuildFile; fileRef = FABB927C29E2656300C87BEF /* Assets.xcassets */; };
		FABB928129E2656300C87BEF /* Preview Assets.xcassets in Resources */ = {isa = PBXBuildFile; fileRef = FABB928029E2656300C87BEF /* Preview Assets.xcassets */; };
		FABB928D29E2659100C87BEF /* DistributorNoLows.swift in Sources */ = {isa = PBXBuildFile; fileRef = FABB928A29E2659100C87BEF /* DistributorNoLows.swift */; };
		FABB928E29E2659100C87BEF /* DistributorBasic.swift in Sources */ = {isa = PBXBuildFile; fileRef = FABB928B29E2659100C87BEF /* DistributorBasic.swift */; };
		FABB928F29E2659100C87BEF /* Distributor.swift in Sources */ = {isa = PBXBuildFile; fileRef = FABB928C29E2659100C87BEF /* Distributor.swift */; };
		FABB929129E265A500C87BEF /* Item.swift in Sources */ = {isa = PBXBuildFile; fileRef = FABB929029E265A500C87BEF /* Item.swift */; };
		FABB929B29E265BD00C87BEF /* Section.swift in Sources */ = {isa = PBXBuildFile; fileRef = FABB929229E265BD00C87BEF /* Section.swift */; };
		FABB929C29E265BD00C87BEF /* ItemNames.swift in Sources */ = {isa = PBXBuildFile; fileRef = FABB929429E265BD00C87BEF /* ItemNames.swift */; };
		FABB929E29E265BD00C87BEF /* RulePointsAvailable.swift in Sources */ = {isa = PBXBuildFile; fileRef = FABB929729E265BD00C87BEF /* RulePointsAvailable.swift */; };
		FABB929F29E265BD00C87BEF /* Rule.swift in Sources */ = {isa = PBXBuildFile; fileRef = FABB929829E265BD00C87BEF /* Rule.swift */; };
		FABB92A029E265BD00C87BEF /* RuleMaxPointsInItem.swift in Sources */ = {isa = PBXBuildFile; fileRef = FABB929929E265BD00C87BEF /* RuleMaxPointsInItem.swift */; };
		FABB92A329E2663900C87BEF /* ItemsCategories.swift in Sources */ = {isa = PBXBuildFile; fileRef = FABB92A229E2663900C87BEF /* ItemsCategories.swift */; };
		FABB92A529E26B5900C87BEF /* Modifiers.swift in Sources */ = {isa = PBXBuildFile; fileRef = FABB92A429E26B5900C87BEF /* Modifiers.swift */; };
		FABB92A929E310D200C87BEF /* DistributorLikelyOnMore.swift in Sources */ = {isa = PBXBuildFile; fileRef = FABB92A829E310D200C87BEF /* DistributorLikelyOnMore.swift */; };
		FABB92AB29E3A22C00C87BEF /* Cost.swift in Sources */ = {isa = PBXBuildFile; fileRef = FABB92AA29E3A22C00C87BEF /* Cost.swift */; };
		FABB92AE29E3A28300C87BEF /* CostFixed.swift in Sources */ = {isa = PBXBuildFile; fileRef = FABB92AD29E3A28300C87BEF /* CostFixed.swift */; };
		FABB92B029E3A35100C87BEF /* CostGrouped.swift in Sources */ = {isa = PBXBuildFile; fileRef = FABB92AF29E3A35100C87BEF /* CostGrouped.swift */; };
		FABB92B229E3A41400C87BEF /* Modifier.swift in Sources */ = {isa = PBXBuildFile; fileRef = FABB92B129E3A41400C87BEF /* Modifier.swift */; };
		FABB92B529E3ADE000C87BEF /* RuleMaxPercentaje.swift in Sources */ = {isa = PBXBuildFile; fileRef = FABB92B429E3ADE000C87BEF /* RuleMaxPercentaje.swift */; };
/* End PBXBuildFile section */

/* Begin PBXFileReference section */
		FA8A45C229E618C500D90C52 /* DistributorFocusOnWeight.swift */ = {isa = PBXFileReference; lastKnownFileType = sourcecode.swift; path = DistributorFocusOnWeight.swift; sourceTree = "<group>"; };
		FA8A45C429E6459800D90C52 /* RuleDifference.swift */ = {isa = PBXFileReference; lastKnownFileType = sourcecode.swift; path = RuleDifference.swift; sourceTree = "<group>"; };
		FABB927529E2656200C87BEF /* CharGen.app */ = {isa = PBXFileReference; explicitFileType = wrapper.application; includeInIndex = 0; path = CharGen.app; sourceTree = BUILT_PRODUCTS_DIR; };
		FABB927829E2656200C87BEF /* CharGenApp.swift */ = {isa = PBXFileReference; lastKnownFileType = sourcecode.swift; path = CharGenApp.swift; sourceTree = "<group>"; };
		FABB927A29E2656200C87BEF /* ContentView.swift */ = {isa = PBXFileReference; lastKnownFileType = sourcecode.swift; path = ContentView.swift; sourceTree = "<group>"; };
		FABB927C29E2656300C87BEF /* Assets.xcassets */ = {isa = PBXFileReference; lastKnownFileType = folder.assetcatalog; path = Assets.xcassets; sourceTree = "<group>"; };
		FABB927E29E2656300C87BEF /* CharGen.entitlements */ = {isa = PBXFileReference; lastKnownFileType = text.plist.entitlements; path = CharGen.entitlements; sourceTree = "<group>"; };
		FABB928029E2656300C87BEF /* Preview Assets.xcassets */ = {isa = PBXFileReference; lastKnownFileType = folder.assetcatalog; path = "Preview Assets.xcassets"; sourceTree = "<group>"; };
		FABB928A29E2659100C87BEF /* DistributorNoLows.swift */ = {isa = PBXFileReference; fileEncoding = 4; lastKnownFileType = sourcecode.swift; path = DistributorNoLows.swift; sourceTree = "<group>"; };
		FABB928B29E2659100C87BEF /* DistributorBasic.swift */ = {isa = PBXFileReference; fileEncoding = 4; lastKnownFileType = sourcecode.swift; path = DistributorBasic.swift; sourceTree = "<group>"; };
		FABB928C29E2659100C87BEF /* Distributor.swift */ = {isa = PBXFileReference; fileEncoding = 4; lastKnownFileType = sourcecode.swift; path = Distributor.swift; sourceTree = "<group>"; };
		FABB929029E265A500C87BEF /* Item.swift */ = {isa = PBXFileReference; fileEncoding = 4; lastKnownFileType = sourcecode.swift; path = Item.swift; sourceTree = "<group>"; };
		FABB929229E265BD00C87BEF /* Section.swift */ = {isa = PBXFileReference; fileEncoding = 4; lastKnownFileType = sourcecode.swift; path = Section.swift; sourceTree = "<group>"; };
		FABB929429E265BD00C87BEF /* ItemNames.swift */ = {isa = PBXFileReference; fileEncoding = 4; lastKnownFileType = sourcecode.swift; path = ItemNames.swift; sourceTree = "<group>"; };
		FABB929729E265BD00C87BEF /* RulePointsAvailable.swift */ = {isa = PBXFileReference; fileEncoding = 4; lastKnownFileType = sourcecode.swift; path = RulePointsAvailable.swift; sourceTree = "<group>"; };
		FABB929829E265BD00C87BEF /* Rule.swift */ = {isa = PBXFileReference; fileEncoding = 4; lastKnownFileType = sourcecode.swift; path = Rule.swift; sourceTree = "<group>"; };
		FABB929929E265BD00C87BEF /* RuleMaxPointsInItem.swift */ = {isa = PBXFileReference; fileEncoding = 4; lastKnownFileType = sourcecode.swift; path = RuleMaxPointsInItem.swift; sourceTree = "<group>"; };
		FABB92A229E2663900C87BEF /* ItemsCategories.swift */ = {isa = PBXFileReference; lastKnownFileType = sourcecode.swift; path = ItemsCategories.swift; sourceTree = "<group>"; };
		FABB92A429E26B5900C87BEF /* Modifiers.swift */ = {isa = PBXFileReference; lastKnownFileType = sourcecode.swift; path = Modifiers.swift; sourceTree = "<group>"; };
		FABB92A829E310D200C87BEF /* DistributorLikelyOnMore.swift */ = {isa = PBXFileReference; lastKnownFileType = sourcecode.swift; path = DistributorLikelyOnMore.swift; sourceTree = "<group>"; };
		FABB92AA29E3A22C00C87BEF /* Cost.swift */ = {isa = PBXFileReference; lastKnownFileType = sourcecode.swift; path = Cost.swift; sourceTree = "<group>"; };
		FABB92AD29E3A28300C87BEF /* CostFixed.swift */ = {isa = PBXFileReference; lastKnownFileType = sourcecode.swift; path = CostFixed.swift; sourceTree = "<group>"; };
		FABB92AF29E3A35100C87BEF /* CostGrouped.swift */ = {isa = PBXFileReference; lastKnownFileType = sourcecode.swift; path = CostGrouped.swift; sourceTree = "<group>"; };
		FABB92B129E3A41400C87BEF /* Modifier.swift */ = {isa = PBXFileReference; lastKnownFileType = sourcecode.swift; path = Modifier.swift; sourceTree = "<group>"; };
		FABB92B429E3ADE000C87BEF /* RuleMaxPercentaje.swift */ = {isa = PBXFileReference; lastKnownFileType = sourcecode.swift; path = RuleMaxPercentaje.swift; sourceTree = "<group>"; };
/* End PBXFileReference section */

/* Begin PBXFrameworksBuildPhase section */
		FABB927229E2656200C87BEF /* Frameworks */ = {
			isa = PBXFrameworksBuildPhase;
			buildActionMask = 2147483647;
			files = (
			);
			runOnlyForDeploymentPostprocessing = 0;
		};
/* End PBXFrameworksBuildPhase section */

/* Begin PBXGroup section */
		FABB926C29E2656200C87BEF = {
			isa = PBXGroup;
			children = (
				FABB927729E2656200C87BEF /* CharGen */,
				FABB927629E2656200C87BEF /* Products */,
			);
			sourceTree = "<group>";
		};
		FABB927629E2656200C87BEF /* Products */ = {
			isa = PBXGroup;
			children = (
				FABB927529E2656200C87BEF /* CharGen.app */,
			);
			name = Products;
			sourceTree = "<group>";
		};
		FABB927729E2656200C87BEF /* CharGen */ = {
			isa = PBXGroup;
			children = (
				FABB928729E2656E00C87BEF /* Model */,
				FABB927829E2656200C87BEF /* CharGenApp.swift */,
				FABB927A29E2656200C87BEF /* ContentView.swift */,
				FABB927C29E2656300C87BEF /* Assets.xcassets */,
				FABB927E29E2656300C87BEF /* CharGen.entitlements */,
				FABB927F29E2656300C87BEF /* Preview Content */,
			);
			path = CharGen;
			sourceTree = "<group>";
		};
		FABB927F29E2656300C87BEF /* Preview Content */ = {
			isa = PBXGroup;
			children = (
				FABB928029E2656300C87BEF /* Preview Assets.xcassets */,
			);
			path = "Preview Content";
			sourceTree = "<group>";
		};
		FABB928729E2656E00C87BEF /* Model */ = {
			isa = PBXGroup;
			children = (
				FABB92AC29E3A23100C87BEF /* Costs */,
				FABB929029E265A500C87BEF /* Item.swift */,
				FABB929229E265BD00C87BEF /* Section.swift */,
				FABB928929E2659100C87BEF /* Distributors */,
				FABB929329E265BD00C87BEF /* Resources */,
				FABB929629E265BD00C87BEF /* Rules */,
				FABB92B129E3A41400C87BEF /* Modifier.swift */,
			);
			path = Model;
			sourceTree = "<group>";
		};
		FABB928929E2659100C87BEF /* Distributors */ = {
			isa = PBXGroup;
			children = (
				FABB928C29E2659100C87BEF /* Distributor.swift */,
				FABB928B29E2659100C87BEF /* DistributorBasic.swift */,
				FA8A45C229E618C500D90C52 /* DistributorFocusOnWeight.swift */,
				FABB92A829E310D200C87BEF /* DistributorLikelyOnMore.swift */,
				FABB928A29E2659100C87BEF /* DistributorNoLows.swift */,
			);
			path = Distributors;
			sourceTree = "<group>";
		};
		FABB929329E265BD00C87BEF /* Resources */ = {
			isa = PBXGroup;
			children = (
				FABB929429E265BD00C87BEF /* ItemNames.swift */,
				FABB92A229E2663900C87BEF /* ItemsCategories.swift */,
				FABB92A429E26B5900C87BEF /* Modifiers.swift */,
			);
			path = Resources;
			sourceTree = "<group>";
		};
		FABB929629E265BD00C87BEF /* Rules */ = {
			isa = PBXGroup;
			children = (
				FABB929829E265BD00C87BEF /* Rule.swift */,
				FABB929929E265BD00C87BEF /* RuleMaxPointsInItem.swift */,
				FABB929729E265BD00C87BEF /* RulePointsAvailable.swift */,
				FABB92B429E3ADE000C87BEF /* RuleMaxPercentaje.swift */,
				FA8A45C429E6459800D90C52 /* RuleDifference.swift */,
			);
			path = Rules;
			sourceTree = "<group>";
		};
		FABB92AC29E3A23100C87BEF /* Costs */ = {
			isa = PBXGroup;
			children = (
				FABB92AA29E3A22C00C87BEF /* Cost.swift */,
				FABB92AD29E3A28300C87BEF /* CostFixed.swift */,
				FABB92AF29E3A35100C87BEF /* CostGrouped.swift */,
			);
			path = Costs;
			sourceTree = "<group>";
		};
/* End PBXGroup section */

/* Begin PBXNativeTarget section */
		FABB927429E2656200C87BEF /* CharGen */ = {
			isa = PBXNativeTarget;
			buildConfigurationList = FABB928429E2656300C87BEF /* Build configuration list for PBXNativeTarget "CharGen" */;
			buildPhases = (
				FABB927129E2656200C87BEF /* Sources */,
				FABB927229E2656200C87BEF /* Frameworks */,
				FABB927329E2656200C87BEF /* Resources */,
			);
			buildRules = (
			);
			dependencies = (
			);
			name = CharGen;
			productName = CharGen;
			productReference = FABB927529E2656200C87BEF /* CharGen.app */;
			productType = "com.apple.product-type.application";
		};
/* End PBXNativeTarget section */

/* Begin PBXProject section */
		FABB926D29E2656200C87BEF /* Project object */ = {
			isa = PBXProject;
			attributes = {
				BuildIndependentTargetsInParallel = 1;
				LastSwiftUpdateCheck = 1420;
				LastUpgradeCheck = 1420;
				TargetAttributes = {
					FABB927429E2656200C87BEF = {
						CreatedOnToolsVersion = 14.2;
					};
				};
			};
			buildConfigurationList = FABB927029E2656200C87BEF /* Build configuration list for PBXProject "CharGen" */;
			compatibilityVersion = "Xcode 14.0";
			developmentRegion = en;
			hasScannedForEncodings = 0;
			knownRegions = (
				en,
				Base,
			);
			mainGroup = FABB926C29E2656200C87BEF;
			productRefGroup = FABB927629E2656200C87BEF /* Products */;
			projectDirPath = "";
			projectRoot = "";
			targets = (
				FABB927429E2656200C87BEF /* CharGen */,
			);
		};
/* End PBXProject section */

/* Begin PBXResourcesBuildPhase section */
		FABB927329E2656200C87BEF /* Resources */ = {
			isa = PBXResourcesBuildPhase;
			buildActionMask = 2147483647;
			files = (
				FABB928129E2656300C87BEF /* Preview Assets.xcassets in Resources */,
				FABB927D29E2656300C87BEF /* Assets.xcassets in Resources */,
			);
			runOnlyForDeploymentPostprocessing = 0;
		};
/* End PBXResourcesBuildPhase section */

/* Begin PBXSourcesBuildPhase section */
		FABB927129E2656200C87BEF /* Sources */ = {
			isa = PBXSourcesBuildPhase;
			buildActionMask = 2147483647;
			files = (
				FABB928F29E2659100C87BEF /* Distributor.swift in Sources */,
				FA8A45C529E6459800D90C52 /* RuleDifference.swift in Sources */,
				FABB927B29E2656200C87BEF /* ContentView.swift in Sources */,
				FABB927929E2656200C87BEF /* CharGenApp.swift in Sources */,
				FABB929F29E265BD00C87BEF /* Rule.swift in Sources */,
				FABB92B229E3A41400C87BEF /* Modifier.swift in Sources */,
				FA8A45C329E618C500D90C52 /* DistributorFocusOnWeight.swift in Sources */,
				FABB92B029E3A35100C87BEF /* CostGrouped.swift in Sources */,
				FABB92A529E26B5900C87BEF /* Modifiers.swift in Sources */,
				FABB929B29E265BD00C87BEF /* Section.swift in Sources */,
				FABB928E29E2659100C87BEF /* DistributorBasic.swift in Sources */,
				FABB929C29E265BD00C87BEF /* ItemNames.swift in Sources */,
				FABB929129E265A500C87BEF /* Item.swift in Sources */,
				FABB92AE29E3A28300C87BEF /* CostFixed.swift in Sources */,
				FABB92A029E265BD00C87BEF /* RuleMaxPointsInItem.swift in Sources */,
				FABB929E29E265BD00C87BEF /* RulePointsAvailable.swift in Sources */,
				FABB92AB29E3A22C00C87BEF /* Cost.swift in Sources */,
				FABB92A929E310D200C87BEF /* DistributorLikelyOnMore.swift in Sources */,
				FABB92A329E2663900C87BEF /* ItemsCategories.swift in Sources */,
				FABB928D29E2659100C87BEF /* DistributorNoLows.swift in Sources */,
				FABB92B529E3ADE000C87BEF /* RuleMaxPercentaje.swift in Sources */,
			);
			runOnlyForDeploymentPostprocessing = 0;
		};
/* End PBXSourcesBuildPhase section */

/* Begin XCBuildConfiguration section */
		FABB928229E2656300C87BEF /* Debug */ = {
			isa = XCBuildConfiguration;
			buildSettings = {
				ALWAYS_SEARCH_USER_PATHS = NO;
				CLANG_ANALYZER_NONNULL = YES;
				CLANG_ANALYZER_NUMBER_OBJECT_CONVERSION = YES_AGGRESSIVE;
				CLANG_CXX_LANGUAGE_STANDARD = "gnu++20";
				CLANG_ENABLE_MODULES = YES;
				CLANG_ENABLE_OBJC_ARC = YES;
				CLANG_ENABLE_OBJC_WEAK = YES;
				CLANG_WARN_BLOCK_CAPTURE_AUTORELEASING = YES;
				CLANG_WARN_BOOL_CONVERSION = YES;
				CLANG_WARN_COMMA = YES;
				CLANG_WARN_CONSTANT_CONVERSION = YES;
				CLANG_WARN_DEPRECATED_OBJC_IMPLEMENTATIONS = YES;
				CLANG_WARN_DIRECT_OBJC_ISA_USAGE = YES_ERROR;
				CLANG_WARN_DOCUMENTATION_COMMENTS = YES;
				CLANG_WARN_EMPTY_BODY = YES;
				CLANG_WARN_ENUM_CONVERSION = YES;
				CLANG_WARN_INFINITE_RECURSION = YES;
				CLANG_WARN_INT_CONVERSION = YES;
				CLANG_WARN_NON_LITERAL_NULL_CONVERSION = YES;
				CLANG_WARN_OBJC_IMPLICIT_RETAIN_SELF = YES;
				CLANG_WARN_OBJC_LITERAL_CONVERSION = YES;
				CLANG_WARN_OBJC_ROOT_CLASS = YES_ERROR;
				CLANG_WARN_QUOTED_INCLUDE_IN_FRAMEWORK_HEADER = YES;
				CLANG_WARN_RANGE_LOOP_ANALYSIS = YES;
				CLANG_WARN_STRICT_PROTOTYPES = YES;
				CLANG_WARN_SUSPICIOUS_MOVE = YES;
				CLANG_WARN_UNGUARDED_AVAILABILITY = YES_AGGRESSIVE;
				CLANG_WARN_UNREACHABLE_CODE = YES;
				CLANG_WARN__DUPLICATE_METHOD_MATCH = YES;
				COPY_PHASE_STRIP = NO;
				DEBUG_INFORMATION_FORMAT = dwarf;
				ENABLE_STRICT_OBJC_MSGSEND = YES;
				ENABLE_TESTABILITY = YES;
				GCC_C_LANGUAGE_STANDARD = gnu11;
				GCC_DYNAMIC_NO_PIC = NO;
				GCC_NO_COMMON_BLOCKS = YES;
				GCC_OPTIMIZATION_LEVEL = 0;
				GCC_PREPROCESSOR_DEFINITIONS = (
					"DEBUG=1",
					"$(inherited)",
				);
				GCC_WARN_64_TO_32_BIT_CONVERSION = YES;
				GCC_WARN_ABOUT_RETURN_TYPE = YES_ERROR;
				GCC_WARN_UNDECLARED_SELECTOR = YES;
				GCC_WARN_UNINITIALIZED_AUTOS = YES_AGGRESSIVE;
				GCC_WARN_UNUSED_FUNCTION = YES;
				GCC_WARN_UNUSED_VARIABLE = YES;
				MTL_ENABLE_DEBUG_INFO = INCLUDE_SOURCE;
				MTL_FAST_MATH = YES;
				ONLY_ACTIVE_ARCH = YES;
				SWIFT_ACTIVE_COMPILATION_CONDITIONS = DEBUG;
				SWIFT_OPTIMIZATION_LEVEL = "-Onone";
			};
			name = Debug;
		};
		FABB928329E2656300C87BEF /* Release */ = {
			isa = XCBuildConfiguration;
			buildSettings = {
				ALWAYS_SEARCH_USER_PATHS = NO;
				CLANG_ANALYZER_NONNULL = YES;
				CLANG_ANALYZER_NUMBER_OBJECT_CONVERSION = YES_AGGRESSIVE;
				CLANG_CXX_LANGUAGE_STANDARD = "gnu++20";
				CLANG_ENABLE_MODULES = YES;
				CLANG_ENABLE_OBJC_ARC = YES;
				CLANG_ENABLE_OBJC_WEAK = YES;
				CLANG_WARN_BLOCK_CAPTURE_AUTORELEASING = YES;
				CLANG_WARN_BOOL_CONVERSION = YES;
				CLANG_WARN_COMMA = YES;
				CLANG_WARN_CONSTANT_CONVERSION = YES;
				CLANG_WARN_DEPRECATED_OBJC_IMPLEMENTATIONS = YES;
				CLANG_WARN_DIRECT_OBJC_ISA_USAGE = YES_ERROR;
				CLANG_WARN_DOCUMENTATION_COMMENTS = YES;
				CLANG_WARN_EMPTY_BODY = YES;
				CLANG_WARN_ENUM_CONVERSION = YES;
				CLANG_WARN_INFINITE_RECURSION = YES;
				CLANG_WARN_INT_CONVERSION = YES;
				CLANG_WARN_NON_LITERAL_NULL_CONVERSION = YES;
				CLANG_WARN_OBJC_IMPLICIT_RETAIN_SELF = YES;
				CLANG_WARN_OBJC_LITERAL_CONVERSION = YES;
				CLANG_WARN_OBJC_ROOT_CLASS = YES_ERROR;
				CLANG_WARN_QUOTED_INCLUDE_IN_FRAMEWORK_HEADER = YES;
				CLANG_WARN_RANGE_LOOP_ANALYSIS = YES;
				CLANG_WARN_STRICT_PROTOTYPES = YES;
				CLANG_WARN_SUSPICIOUS_MOVE = YES;
				CLANG_WARN_UNGUARDED_AVAILABILITY = YES_AGGRESSIVE;
				CLANG_WARN_UNREACHABLE_CODE = YES;
				CLANG_WARN__DUPLICATE_METHOD_MATCH = YES;
				COPY_PHASE_STRIP = NO;
				DEBUG_INFORMATION_FORMAT = "dwarf-with-dsym";
				ENABLE_NS_ASSERTIONS = NO;
				ENABLE_STRICT_OBJC_MSGSEND = YES;
				GCC_C_LANGUAGE_STANDARD = gnu11;
				GCC_NO_COMMON_BLOCKS = YES;
				GCC_WARN_64_TO_32_BIT_CONVERSION = YES;
				GCC_WARN_ABOUT_RETURN_TYPE = YES_ERROR;
				GCC_WARN_UNDECLARED_SELECTOR = YES;
				GCC_WARN_UNINITIALIZED_AUTOS = YES_AGGRESSIVE;
				GCC_WARN_UNUSED_FUNCTION = YES;
				GCC_WARN_UNUSED_VARIABLE = YES;
				MTL_ENABLE_DEBUG_INFO = NO;
				MTL_FAST_MATH = YES;
				SWIFT_COMPILATION_MODE = wholemodule;
				SWIFT_OPTIMIZATION_LEVEL = "-O";
			};
			name = Release;
		};
		FABB928529E2656300C87BEF /* Debug */ = {
			isa = XCBuildConfiguration;
			buildSettings = {
				ASSETCATALOG_COMPILER_APPICON_NAME = AppIcon;
				ASSETCATALOG_COMPILER_GLOBAL_ACCENT_COLOR_NAME = AccentColor;
				CODE_SIGN_ENTITLEMENTS = CharGen/CharGen.entitlements;
				CODE_SIGN_STYLE = Automatic;
				CURRENT_PROJECT_VERSION = 1;
				DEVELOPMENT_ASSET_PATHS = "\"CharGen/Preview Content\"";
				ENABLE_PREVIEWS = YES;
				GENERATE_INFOPLIST_FILE = YES;
				"INFOPLIST_KEY_UIApplicationSceneManifest_Generation[sdk=iphoneos*]" = YES;
				"INFOPLIST_KEY_UIApplicationSceneManifest_Generation[sdk=iphonesimulator*]" = YES;
				"INFOPLIST_KEY_UIApplicationSupportsIndirectInputEvents[sdk=iphoneos*]" = YES;
				"INFOPLIST_KEY_UIApplicationSupportsIndirectInputEvents[sdk=iphonesimulator*]" = YES;
				"INFOPLIST_KEY_UILaunchScreen_Generation[sdk=iphoneos*]" = YES;
				"INFOPLIST_KEY_UILaunchScreen_Generation[sdk=iphonesimulator*]" = YES;
				"INFOPLIST_KEY_UIStatusBarStyle[sdk=iphoneos*]" = UIStatusBarStyleDefault;
				"INFOPLIST_KEY_UIStatusBarStyle[sdk=iphonesimulator*]" = UIStatusBarStyleDefault;
				INFOPLIST_KEY_UISupportedInterfaceOrientations_iPad = "UIInterfaceOrientationPortrait UIInterfaceOrientationPortraitUpsideDown UIInterfaceOrientationLandscapeLeft UIInterfaceOrientationLandscapeRight";
				INFOPLIST_KEY_UISupportedInterfaceOrientations_iPhone = "UIInterfaceOrientationPortrait UIInterfaceOrientationLandscapeLeft UIInterfaceOrientationLandscapeRight";
				IPHONEOS_DEPLOYMENT_TARGET = 16.2;
				LD_RUNPATH_SEARCH_PATHS = "@executable_path/Frameworks";
				"LD_RUNPATH_SEARCH_PATHS[sdk=macosx*]" = "@executable_path/../Frameworks";
				MACOSX_DEPLOYMENT_TARGET = 12.6;
				MARKETING_VERSION = 1.0;
				PRODUCT_BUNDLE_IDENTIFIER = pinkRenard.CharGen;
				PRODUCT_NAME = "$(TARGET_NAME)";
				SDKROOT = auto;
				SUPPORTED_PLATFORMS = "iphoneos iphonesimulator macosx";
				SWIFT_EMIT_LOC_STRINGS = YES;
				SWIFT_VERSION = 5.0;
				TARGETED_DEVICE_FAMILY = "1,2";
			};
			name = Debug;
		};
		FABB928629E2656300C87BEF /* Release */ = {
			isa = XCBuildConfiguration;
			buildSettings = {
				ASSETCATALOG_COMPILER_APPICON_NAME = AppIcon;
				ASSETCATALOG_COMPILER_GLOBAL_ACCENT_COLOR_NAME = AccentColor;
				CODE_SIGN_ENTITLEMENTS = CharGen/CharGen.entitlements;
				CODE_SIGN_STYLE = Automatic;
				CURRENT_PROJECT_VERSION = 1;
				DEVELOPMENT_ASSET_PATHS = "\"CharGen/Preview Content\"";
				ENABLE_PREVIEWS = YES;
				GENERATE_INFOPLIST_FILE = YES;
				"INFOPLIST_KEY_UIApplicationSceneManifest_Generation[sdk=iphoneos*]" = YES;
				"INFOPLIST_KEY_UIApplicationSceneManifest_Generation[sdk=iphonesimulator*]" = YES;
				"INFOPLIST_KEY_UIApplicationSupportsIndirectInputEvents[sdk=iphoneos*]" = YES;
				"INFOPLIST_KEY_UIApplicationSupportsIndirectInputEvents[sdk=iphonesimulator*]" = YES;
				"INFOPLIST_KEY_UILaunchScreen_Generation[sdk=iphoneos*]" = YES;
				"INFOPLIST_KEY_UILaunchScreen_Generation[sdk=iphonesimulator*]" = YES;
				"INFOPLIST_KEY_UIStatusBarStyle[sdk=iphoneos*]" = UIStatusBarStyleDefault;
				"INFOPLIST_KEY_UIStatusBarStyle[sdk=iphonesimulator*]" = UIStatusBarStyleDefault;
				INFOPLIST_KEY_UISupportedInterfaceOrientations_iPad = "UIInterfaceOrientationPortrait UIInterfaceOrientationPortraitUpsideDown UIInterfaceOrientationLandscapeLeft UIInterfaceOrientationLandscapeRight";
				INFOPLIST_KEY_UISupportedInterfaceOrientations_iPhone = "UIInterfaceOrientationPortrait UIInterfaceOrientationLandscapeLeft UIInterfaceOrientationLandscapeRight";
				IPHONEOS_DEPLOYMENT_TARGET = 16.2;
				LD_RUNPATH_SEARCH_PATHS = "@executable_path/Frameworks";
				"LD_RUNPATH_SEARCH_PATHS[sdk=macosx*]" = "@executable_path/../Frameworks";
				MACOSX_DEPLOYMENT_TARGET = 12.6;
				MARKETING_VERSION = 1.0;
				PRODUCT_BUNDLE_IDENTIFIER = pinkRenard.CharGen;
				PRODUCT_NAME = "$(TARGET_NAME)";
				SDKROOT = auto;
				SUPPORTED_PLATFORMS = "iphoneos iphonesimulator macosx";
				SWIFT_EMIT_LOC_STRINGS = YES;
				SWIFT_VERSION = 5.0;
				TARGETED_DEVICE_FAMILY = "1,2";
			};
			name = Release;
		};
/* End XCBuildConfiguration section */

/* Begin XCConfigurationList section */
		FABB927029E2656200C87BEF /* Build configuration list for PBXProject "CharGen" */ = {
			isa = XCConfigurationList;
			buildConfigurations = (
				FABB928229E2656300C87BEF /* Debug */,
				FABB928329E2656300C87BEF /* Release */,
			);
			defaultConfigurationIsVisible = 0;
			defaultConfigurationName = Release;
		};
		FABB928429E2656300C87BEF /* Build configuration list for PBXNativeTarget "CharGen" */ = {
			isa = XCConfigurationList;
			buildConfigurations = (
				FABB928529E2656300C87BEF /* Debug */,
				FABB928629E2656300C87BEF /* Release */,
			);
			defaultConfigurationIsVisible = 0;
			defaultConfigurationName = Release;
		};
/* End XCConfigurationList section */
	};
	rootObject = FABB926D29E2656200C87BEF /* Project object */;
}
